
Microsoft Visual Studio Solution File, Format Version 12.00
# Visual Studio Version 17
VisualStudioVersion = 17.11.35208.52
MinimumVisualStudioVersion = 10.0.40219.1
Project("{FAE04EC0-301F-11D3-BF4B-00C04F79EFBC}") = "DiceGame", "DiceGame.csproj", "{687F11B4-63E9-4D50-9D51-C7A3727420C7}"
EndProject
Global
	GlobalSection(SolutionConfigurationPlatforms) = preSolution
		Debug|Any CPU = Debug|Any CPU
		Release|Any CPU = Release|Any CPU
	EndGlobalSection
	GlobalSection(ProjectConfigurationPlatforms) = postSolution
		{687F11B4-63E9-4D50-9D51-C7A3727420C7}.Debug|Any CPU.ActiveCfg = Debug|Any CPU
		{687F11B4-63E9-4D50-9D51-C7A3727420C7}.Debug|Any CPU.Build.0 = Debug|Any CPU
		{687F11B4-63E9-4D50-9D51-C7A3727420C7}.Release|Any CPU.ActiveCfg = Release|Any CPU
		{687F11B4-63E9-4D50-9D51-C7A3727420C7}.Release|Any CPU.Build.0 = Release|Any CPU
	EndGlobalSection
	GlobalSection(SolutionProperties) = preSolution
		HideSolutionNode = FALSE
	EndGlobalSection
	GlobalSection(ExtensibilityGlobals) = postSolution
		SolutionGuid = {B94A8D56-7E38-41FC-953E-C93ACE0517DA}
	EndGlobalSection
EndGlobal
